
Microsoft Visual Studio Solution File, Format Version 12.00
# Visual Studio 15
VisualStudioVersion = 15.0.28307.705
MinimumVisualStudioVersion = 10.0.40219.1
Project("{FAE04EC0-301F-11D3-BF4B-00C04F79EFBC}") = "ComicPro2019", "ComicPro2019\ComicPro2019.csproj", "{590182D4-2B50-4CE0-B3F3-DFC8992A06E8}"
EndProject
Global
	GlobalSection(SolutionConfigurationPlatforms) = preSolution
		Debug|Any CPU = Debug|Any CPU
		Release|Any CPU = Release|Any CPU
	EndGlobalSection
	GlobalSection(ProjectConfigurationPlatforms) = postSolution
		{590182D4-2B50-4CE0-B3F3-DFC8992A06E8}.Debug|Any CPU.ActiveCfg = Debug|Any CPU
		{590182D4-2B50-4CE0-B3F3-DFC8992A06E8}.Debug|Any CPU.Build.0 = Debug|Any CPU
		{590182D4-2B50-4CE0-B3F3-DFC8992A06E8}.Release|Any CPU.ActiveCfg = Release|Any CPU
		{590182D4-2B50-4CE0-B3F3-DFC8992A06E8}.Release|Any CPU.Build.0 = Release|Any CPU
	EndGlobalSection
	GlobalSection(SolutionProperties) = preSolution
		HideSolutionNode = FALSE
	EndGlobalSection
	GlobalSection(ExtensibilityGlobals) = postSolution
		SolutionGuid = {470B2CE8-0BCA-493A-860D-B5AD8962216E}
	EndGlobalSection
EndGlobal
